
Microsoft Visual Studio Solution File, Format Version 12.00
# Visual Studio Version 17
VisualStudioVersion = 17.2.32616.157
MinimumVisualStudioVersion = 10.0.40219.1
Project("{FAE04EC0-301F-11D3-BF4B-00C04F79EFBC}") = "BlazorContactos.Server", "BlazorContactos\Server\BlazorContactos.Server.csproj", "{05091C2F-1279-472C-BC1C-2975D927C4C2}"
EndProject
Project("{FAE04EC0-301F-11D3-BF4B-00C04F79EFBC}") = "BlazorContactos.Client", "BlazorContactos\Client\BlazorContactos.Client.csproj", "{AFB1C5B0-C155-40C8-A361-0076B2B718BE}"
EndProject
Project("{FAE04EC0-301F-11D3-BF4B-00C04F79EFBC}") = "BlazorContactos.Shared", "BlazorContactos\Shared\BlazorContactos.Shared.csproj", "{817600DF-8C3A-4625-9E90-23F71BF3FE50}"
EndProject
Global
	GlobalSection(SolutionConfigurationPlatforms) = preSolution
		Debug|Any CPU = Debug|Any CPU
		Release|Any CPU = Release|Any CPU
	EndGlobalSection
	GlobalSection(ProjectConfigurationPlatforms) = postSolution
		{05091C2F-1279-472C-BC1C-2975D927C4C2}.Debug|Any CPU.ActiveCfg = Debug|Any CPU
		{05091C2F-1279-472C-BC1C-2975D927C4C2}.Debug|Any CPU.Build.0 = Debug|Any CPU
		{05091C2F-1279-472C-BC1C-2975D927C4C2}.Release|Any CPU.ActiveCfg = Release|Any CPU
		{05091C2F-1279-472C-BC1C-2975D927C4C2}.Release|Any CPU.Build.0 = Release|Any CPU
		{AFB1C5B0-C155-40C8-A361-0076B2B718BE}.Debug|Any CPU.ActiveCfg = Debug|Any CPU
		{AFB1C5B0-C155-40C8-A361-0076B2B718BE}.Debug|Any CPU.Build.0 = Debug|Any CPU
		{AFB1C5B0-C155-40C8-A361-0076B2B718BE}.Release|Any CPU.ActiveCfg = Release|Any CPU
		{AFB1C5B0-C155-40C8-A361-0076B2B718BE}.Release|Any CPU.Build.0 = Release|Any CPU
		{817600DF-8C3A-4625-9E90-23F71BF3FE50}.Debug|Any CPU.ActiveCfg = Debug|Any CPU
		{817600DF-8C3A-4625-9E90-23F71BF3FE50}.Debug|Any CPU.Build.0 = Debug|Any CPU
		{817600DF-8C3A-4625-9E90-23F71BF3FE50}.Release|Any CPU.ActiveCfg = Release|Any CPU
		{817600DF-8C3A-4625-9E90-23F71BF3FE50}.Release|Any CPU.Build.0 = Release|Any CPU
	EndGlobalSection
	GlobalSection(SolutionProperties) = preSolution
		HideSolutionNode = FALSE
	EndGlobalSection
	GlobalSection(ExtensibilityGlobals) = postSolution
		SolutionGuid = {86A685C4-2666-42BC-80E9-34DD131E792C}
	EndGlobalSection
EndGlobal
